// !$*UTF8*$!
{
	archiveVersion = 1;
	classes = {
	};
	objectVersion = 55;
	objects = {

/* Begin PBXBuildFile section */
		681A5574282AA8760007B22D /* UserModel.swift in Sources */ = {isa = PBXBuildFile; fileRef = 681A5573282AA8760007B22D /* UserModel.swift */; };
		68CAAA73282AB8FA00B0977D /* DB.swift in Sources */ = {isa = PBXBuildFile; fileRef = 68CAAA72282AB8FA00B0977D /* DB.swift */; };
		68CAAA75282AC01C00B0977D /* LoginViewModel.swift in Sources */ = {isa = PBXBuildFile; fileRef = 68CAAA74282AC01C00B0977D /* LoginViewModel.swift */; };
		68CAAA77282AC61300B0977D /* CreateAccountViewModel.swift in Sources */ = {isa = PBXBuildFile; fileRef = 68CAAA76282AC61300B0977D /* CreateAccountViewModel.swift */; };
		6D4218842824562A005F0647 /* CreateAccountView.swift in Sources */ = {isa = PBXBuildFile; fileRef = 6D4218832824562A005F0647 /* CreateAccountView.swift */; };
		6DC072942822AF59002D2F2B /* MyTodoListApp.swift in Sources */ = {isa = PBXBuildFile; fileRef = 6DC072932822AF59002D2F2B /* MyTodoListApp.swift */; };
		6DC072982822AF5B002D2F2B /* Assets.xcassets in Resources */ = {isa = PBXBuildFile; fileRef = 6DC072972822AF5B002D2F2B /* Assets.xcassets */; };
		6DC0729B2822AF5B002D2F2B /* Preview Assets.xcassets in Resources */ = {isa = PBXBuildFile; fileRef = 6DC0729A2822AF5B002D2F2B /* Preview Assets.xcassets */; };
		6DC072A52822AF5B002D2F2B /* MyTodoListTests.swift in Sources */ = {isa = PBXBuildFile; fileRef = 6DC072A42822AF5B002D2F2B /* MyTodoListTests.swift */; };
		6DC072AF2822AF5B002D2F2B /* MyTodoListUITests.swift in Sources */ = {isa = PBXBuildFile; fileRef = 6DC072AE2822AF5B002D2F2B /* MyTodoListUITests.swift */; };
		6DC072B12822AF5B002D2F2B /* MyTodoListUITestsLaunchTests.swift in Sources */ = {isa = PBXBuildFile; fileRef = 6DC072B02822AF5B002D2F2B /* MyTodoListUITestsLaunchTests.swift */; };
		6DC072BF2822AFC5002D2F2B /* ListView.swift in Sources */ = {isa = PBXBuildFile; fileRef = 6DC072BE2822AFC5002D2F2B /* ListView.swift */; };
		6DC8AA4B2822B294002D6FE5 /* ListRowView.swift in Sources */ = {isa = PBXBuildFile; fileRef = 6DC8AA4A2822B294002D6FE5 /* ListRowView.swift */; };
		6DC8AA4D2822B93C002D6FE5 /* AddView.swift in Sources */ = {isa = PBXBuildFile; fileRef = 6DC8AA4C2822B93C002D6FE5 /* AddView.swift */; };
		6DC8AA502822DC5C002D6FE5 /* ItemModel.swift in Sources */ = {isa = PBXBuildFile; fileRef = 6DC8AA4F2822DC5C002D6FE5 /* ItemModel.swift */; };
		6DC8AA532822E0BB002D6FE5 /* ListViewModel.swift in Sources */ = {isa = PBXBuildFile; fileRef = 6DC8AA522822E0BB002D6FE5 /* ListViewModel.swift */; };
		6DC8AA552822F4F9002D6FE5 /* NoItemsView.swift in Sources */ = {isa = PBXBuildFile; fileRef = 6DC8AA542822F4F9002D6FE5 /* NoItemsView.swift */; };
		6DC8AA572823DC8D002D6FE5 /* LaunchScreen.storyboard in Resources */ = {isa = PBXBuildFile; fileRef = 6DC8AA562823DC8D002D6FE5 /* LaunchScreen.storyboard */; };
		6DDBCA46282446D2003480E0 /* LoginView.swift in Sources */ = {isa = PBXBuildFile; fileRef = 6DDBCA45282446D2003480E0 /* LoginView.swift */; };
/* End PBXBuildFile section */

/* Begin PBXContainerItemProxy section */
		6DC072A12822AF5B002D2F2B /* PBXContainerItemProxy */ = {
			isa = PBXContainerItemProxy;
			containerPortal = 6DC072882822AF59002D2F2B /* Project object */;
			proxyType = 1;
			remoteGlobalIDString = 6DC0728F2822AF59002D2F2B;
			remoteInfo = MyTodoList;
		};
		6DC072AB2822AF5B002D2F2B /* PBXContainerItemProxy */ = {
			isa = PBXContainerItemProxy;
			containerPortal = 6DC072882822AF59002D2F2B /* Project object */;
			proxyType = 1;
			remoteGlobalIDString = 6DC0728F2822AF59002D2F2B;
			remoteInfo = MyTodoList;
		};
/* End PBXContainerItemProxy section */

/* Begin PBXFileReference section */
		681A5573282AA8760007B22D /* UserModel.swift */ = {isa = PBXFileReference; lastKnownFileType = sourcecode.swift; path = UserModel.swift; sourceTree = "<group>"; };
		68CAAA72282AB8FA00B0977D /* DB.swift */ = {isa = PBXFileReference; lastKnownFileType = sourcecode.swift; path = DB.swift; sourceTree = "<group>"; };
		68CAAA74282AC01C00B0977D /* LoginViewModel.swift */ = {isa = PBXFileReference; lastKnownFileType = sourcecode.swift; path = LoginViewModel.swift; sourceTree = "<group>"; };
		68CAAA76282AC61300B0977D /* CreateAccountViewModel.swift */ = {isa = PBXFileReference; lastKnownFileType = sourcecode.swift; path = CreateAccountViewModel.swift; sourceTree = "<group>"; };
		6D4218832824562A005F0647 /* CreateAccountView.swift */ = {isa = PBXFileReference; lastKnownFileType = sourcecode.swift; path = CreateAccountView.swift; sourceTree = "<group>"; };
		6DC072902822AF59002D2F2B /* MyTodoList.app */ = {isa = PBXFileReference; explicitFileType = wrapper.application; includeInIndex = 0; path = MyTodoList.app; sourceTree = BUILT_PRODUCTS_DIR; };
		6DC072932822AF59002D2F2B /* MyTodoListApp.swift */ = {isa = PBXFileReference; lastKnownFileType = sourcecode.swift; path = MyTodoListApp.swift; sourceTree = "<group>"; };
		6DC072972822AF5B002D2F2B /* Assets.xcassets */ = {isa = PBXFileReference; lastKnownFileType = folder.assetcatalog; path = Assets.xcassets; sourceTree = "<group>"; };
		6DC0729A2822AF5B002D2F2B /* Preview Assets.xcassets */ = {isa = PBXFileReference; lastKnownFileType = folder.assetcatalog; path = "Preview Assets.xcassets"; sourceTree = "<group>"; };
		6DC072A02822AF5B002D2F2B /* MyTodoListTests.xctest */ = {isa = PBXFileReference; explicitFileType = wrapper.cfbundle; includeInIndex = 0; path = MyTodoListTests.xctest; sourceTree = BUILT_PRODUCTS_DIR; };
		6DC072A42822AF5B002D2F2B /* MyTodoListTests.swift */ = {isa = PBXFileReference; lastKnownFileType = sourcecode.swift; path = MyTodoListTests.swift; sourceTree = "<group>"; };
		6DC072AA2822AF5B002D2F2B /* MyTodoListUITests.xctest */ = {isa = PBXFileReference; explicitFileType = wrapper.cfbundle; includeInIndex = 0; path = MyTodoListUITests.xctest; sourceTree = BUILT_PRODUCTS_DIR; };
		6DC072AE2822AF5B002D2F2B /* MyTodoListUITests.swift */ = {isa = PBXFileReference; lastKnownFileType = sourcecode.swift; path = MyTodoListUITests.swift; sourceTree = "<group>"; };
		6DC072B02822AF5B002D2F2B /* MyTodoListUITestsLaunchTests.swift */ = {isa = PBXFileReference; lastKnownFileType = sourcecode.swift; path = MyTodoListUITestsLaunchTests.swift; sourceTree = "<group>"; };
		6DC072BE2822AFC5002D2F2B /* ListView.swift */ = {isa = PBXFileReference; lastKnownFileType = sourcecode.swift; path = ListView.swift; sourceTree = "<group>"; };
		6DC8AA4A2822B294002D6FE5 /* ListRowView.swift */ = {isa = PBXFileReference; lastKnownFileType = sourcecode.swift; path = ListRowView.swift; sourceTree = "<group>"; };
		6DC8AA4C2822B93C002D6FE5 /* AddView.swift */ = {isa = PBXFileReference; lastKnownFileType = sourcecode.swift; path = AddView.swift; sourceTree = "<group>"; };
		6DC8AA4F2822DC5C002D6FE5 /* ItemModel.swift */ = {isa = PBXFileReference; lastKnownFileType = sourcecode.swift; path = ItemModel.swift; sourceTree = "<group>"; };
		6DC8AA522822E0BB002D6FE5 /* ListViewModel.swift */ = {isa = PBXFileReference; lastKnownFileType = sourcecode.swift; path = ListViewModel.swift; sourceTree = "<group>"; };
		6DC8AA542822F4F9002D6FE5 /* NoItemsView.swift */ = {isa = PBXFileReference; lastKnownFileType = sourcecode.swift; path = NoItemsView.swift; sourceTree = "<group>"; };
		6DC8AA562823DC8D002D6FE5 /* LaunchScreen.storyboard */ = {isa = PBXFileReference; lastKnownFileType = file.storyboard; path = LaunchScreen.storyboard; sourceTree = "<group>"; };
		6DDBCA45282446D2003480E0 /* LoginView.swift */ = {isa = PBXFileReference; lastKnownFileType = sourcecode.swift; path = LoginView.swift; sourceTree = "<group>"; };
/* End PBXFileReference section */

/* Begin PBXFrameworksBuildPhase section */
		6DC0728D2822AF59002D2F2B /* Frameworks */ = {
			isa = PBXFrameworksBuildPhase;
			buildActionMask = 2147483647;
			files = (
			);
			runOnlyForDeploymentPostprocessing = 0;
		};
		6DC0729D2822AF5B002D2F2B /* Frameworks */ = {
			isa = PBXFrameworksBuildPhase;
			buildActionMask = 2147483647;
			files = (
			);
			runOnlyForDeploymentPostprocessing = 0;
		};
		6DC072A72822AF5B002D2F2B /* Frameworks */ = {
			isa = PBXFrameworksBuildPhase;
			buildActionMask = 2147483647;
			files = (
			);
			runOnlyForDeploymentPostprocessing = 0;
		};
/* End PBXFrameworksBuildPhase section */

/* Begin PBXGroup section */
		68CAAA71282AB8E900B0977D /* DB */ = {
			isa = PBXGroup;
			children = (
				68CAAA72282AB8FA00B0977D /* DB.swift */,
			);
			path = DB;
			sourceTree = "<group>";
		};
		6DC072872822AF59002D2F2B = {
			isa = PBXGroup;
			children = (
				6DC072922822AF59002D2F2B /* MyTodoList */,
				6DC072A32822AF5B002D2F2B /* MyTodoListTests */,
				6DC072AD2822AF5B002D2F2B /* MyTodoListUITests */,
				6DC072912822AF59002D2F2B /* Products */,
			);
			sourceTree = "<group>";
		};
		6DC072912822AF59002D2F2B /* Products */ = {
			isa = PBXGroup;
			children = (
				6DC072902822AF59002D2F2B /* MyTodoList.app */,
				6DC072A02822AF5B002D2F2B /* MyTodoListTests.xctest */,
				6DC072AA2822AF5B002D2F2B /* MyTodoListUITests.xctest */,
			);
			name = Products;
			sourceTree = "<group>";
		};
		6DC072922822AF59002D2F2B /* MyTodoList */ = {
			isa = PBXGroup;
			children = (
				68CAAA71282AB8E900B0977D /* DB */,
				6DC072932822AF59002D2F2B /* MyTodoListApp.swift */,
				6DC8AA4E2822DBF7002D6FE5 /* Models */,
				6DC8AA512822DEC3002D6FE5 /* ViewModels */,
				6DC072BD2822AF9C002D2F2B /* Views */,
				6DC072972822AF5B002D2F2B /* Assets.xcassets */,
				6DC072992822AF5B002D2F2B /* Preview Content */,
			);
			path = MyTodoList;
			sourceTree = "<group>";
		};
		6DC072992822AF5B002D2F2B /* Preview Content */ = {
			isa = PBXGroup;
			children = (
				6DC0729A2822AF5B002D2F2B /* Preview Assets.xcassets */,
			);
			path = "Preview Content";
			sourceTree = "<group>";
		};
		6DC072A32822AF5B002D2F2B /* MyTodoListTests */ = {
			isa = PBXGroup;
			children = (
				6DC072A42822AF5B002D2F2B /* MyTodoListTests.swift */,
			);
			path = MyTodoListTests;
			sourceTree = "<group>";
		};
		6DC072AD2822AF5B002D2F2B /* MyTodoListUITests */ = {
			isa = PBXGroup;
			children = (
				6DC072AE2822AF5B002D2F2B /* MyTodoListUITests.swift */,
				6DC072B02822AF5B002D2F2B /* MyTodoListUITestsLaunchTests.swift */,
			);
			path = MyTodoListUITests;
			sourceTree = "<group>";
		};
		6DC072BD2822AF9C002D2F2B /* Views */ = {
			isa = PBXGroup;
			children = (
				6DC8AA562823DC8D002D6FE5 /* LaunchScreen.storyboard */,
				6DDBCA45282446D2003480E0 /* LoginView.swift */,
				6D4218832824562A005F0647 /* CreateAccountView.swift */,
				6DC072BE2822AFC5002D2F2B /* ListView.swift */,
				6DC8AA4A2822B294002D6FE5 /* ListRowView.swift */,
				6DC8AA4C2822B93C002D6FE5 /* AddView.swift */,
				6DC8AA542822F4F9002D6FE5 /* NoItemsView.swift */,
			);
			path = Views;
			sourceTree = "<group>";
		};
		6DC8AA4E2822DBF7002D6FE5 /* Models */ = {
			isa = PBXGroup;
			children = (
				6DC8AA4F2822DC5C002D6FE5 /* ItemModel.swift */,
				681A5573282AA8760007B22D /* UserModel.swift */,
			);
			path = Models;
			sourceTree = "<group>";
		};
		6DC8AA512822DEC3002D6FE5 /* ViewModels */ = {
			isa = PBXGroup;
			children = (
				6DC8AA522822E0BB002D6FE5 /* ListViewModel.swift */,
				68CAAA74282AC01C00B0977D /* LoginViewModel.swift */,
				68CAAA76282AC61300B0977D /* CreateAccountViewModel.swift */,
			);
			path = ViewModels;
			sourceTree = "<group>";
		};
/* End PBXGroup section */

/* Begin PBXNativeTarget section */
		6DC0728F2822AF59002D2F2B /* MyTodoList */ = {
			isa = PBXNativeTarget;
			buildConfigurationList = 6DC072B42822AF5B002D2F2B /* Build configuration list for PBXNativeTarget "MyTodoList" */;
			buildPhases = (
				6DC0728C2822AF59002D2F2B /* Sources */,
				6DC0728D2822AF59002D2F2B /* Frameworks */,
				6DC0728E2822AF59002D2F2B /* Resources */,
			);
			buildRules = (
			);
			dependencies = (
			);
			name = MyTodoList;
			productName = MyTodoList;
			productReference = 6DC072902822AF59002D2F2B /* MyTodoList.app */;
			productType = "com.apple.product-type.application";
		};
		6DC0729F2822AF5B002D2F2B /* MyTodoListTests */ = {
			isa = PBXNativeTarget;
			buildConfigurationList = 6DC072B72822AF5B002D2F2B /* Build configuration list for PBXNativeTarget "MyTodoListTests" */;
			buildPhases = (
				6DC0729C2822AF5B002D2F2B /* Sources */,
				6DC0729D2822AF5B002D2F2B /* Frameworks */,
				6DC0729E2822AF5B002D2F2B /* Resources */,
			);
			buildRules = (
			);
			dependencies = (
				6DC072A22822AF5B002D2F2B /* PBXTargetDependency */,
			);
			name = MyTodoListTests;
			productName = MyTodoListTests;
			productReference = 6DC072A02822AF5B002D2F2B /* MyTodoListTests.xctest */;
			productType = "com.apple.product-type.bundle.unit-test";
		};
		6DC072A92822AF5B002D2F2B /* MyTodoListUITests */ = {
			isa = PBXNativeTarget;
			buildConfigurationList = 6DC072BA2822AF5B002D2F2B /* Build configuration list for PBXNativeTarget "MyTodoListUITests" */;
			buildPhases = (
				6DC072A62822AF5B002D2F2B /* Sources */,
				6DC072A72822AF5B002D2F2B /* Frameworks */,
				6DC072A82822AF5B002D2F2B /* Resources */,
			);
			buildRules = (
			);
			dependencies = (
				6DC072AC2822AF5B002D2F2B /* PBXTargetDependency */,
			);
			name = MyTodoListUITests;
			productName = MyTodoListUITests;
			productReference = 6DC072AA2822AF5B002D2F2B /* MyTodoListUITests.xctest */;
			productType = "com.apple.product-type.bundle.ui-testing";
		};
/* End PBXNativeTarget section */

/* Begin PBXProject section */
		6DC072882822AF59002D2F2B /* Project object */ = {
			isa = PBXProject;
			attributes = {
				BuildIndependentTargetsInParallel = 1;
				LastSwiftUpdateCheck = 1330;
				LastUpgradeCheck = 1330;
				TargetAttributes = {
					6DC0728F2822AF59002D2F2B = {
						CreatedOnToolsVersion = 13.3.1;
					};
					6DC0729F2822AF5B002D2F2B = {
						CreatedOnToolsVersion = 13.3.1;
						TestTargetID = 6DC0728F2822AF59002D2F2B;
					};
					6DC072A92822AF5B002D2F2B = {
						CreatedOnToolsVersion = 13.3.1;
						TestTargetID = 6DC0728F2822AF59002D2F2B;
					};
				};
			};
			buildConfigurationList = 6DC0728B2822AF59002D2F2B /* Build configuration list for PBXProject "MyTodoList" */;
			compatibilityVersion = "Xcode 13.0";
			developmentRegion = en;
			hasScannedForEncodings = 0;
			knownRegions = (
				en,
				Base,
			);
			mainGroup = 6DC072872822AF59002D2F2B;
			productRefGroup = 6DC072912822AF59002D2F2B /* Products */;
			projectDirPath = "";
			projectRoot = "";
			targets = (
				6DC0728F2822AF59002D2F2B /* MyTodoList */,
				6DC0729F2822AF5B002D2F2B /* MyTodoListTests */,
				6DC072A92822AF5B002D2F2B /* MyTodoListUITests */,
			);
		};
/* End PBXProject section */

/* Begin PBXResourcesBuildPhase section */
		6DC0728E2822AF59002D2F2B /* Resources */ = {
			isa = PBXResourcesBuildPhase;
			buildActionMask = 2147483647;
			files = (
				6DC8AA572823DC8D002D6FE5 /* LaunchScreen.storyboard in Resources */,
				6DC0729B2822AF5B002D2F2B /* Preview Assets.xcassets in Resources */,
				6DC072982822AF5B002D2F2B /* Assets.xcassets in Resources */,
			);
			runOnlyForDeploymentPostprocessing = 0;
		};
		6DC0729E2822AF5B002D2F2B /* Resources */ = {
			isa = PBXResourcesBuildPhase;
			buildActionMask = 2147483647;
			files = (
			);
			runOnlyForDeploymentPostprocessing = 0;
		};
		6DC072A82822AF5B002D2F2B /* Resources */ = {
			isa = PBXResourcesBuildPhase;
			buildActionMask = 2147483647;
			files = (
			);
			runOnlyForDeploymentPostprocessing = 0;
		};
/* End PBXResourcesBuildPhase section */

/* Begin PBXSourcesBuildPhase section */
		6DC0728C2822AF59002D2F2B /* Sources */ = {
			isa = PBXSourcesBuildPhase;
			buildActionMask = 2147483647;
			files = (
				6DC8AA502822DC5C002D6FE5 /* ItemModel.swift in Sources */,
				68CAAA73282AB8FA00B0977D /* DB.swift in Sources */,
				6DC8AA4D2822B93C002D6FE5 /* AddView.swift in Sources */,
				6DC8AA532822E0BB002D6FE5 /* ListViewModel.swift in Sources */,
				68CAAA77282AC61300B0977D /* CreateAccountViewModel.swift in Sources */,
				6D4218842824562A005F0647 /* CreateAccountView.swift in Sources */,
				6DC072942822AF59002D2F2B /* MyTodoListApp.swift in Sources */,
				6DC072BF2822AFC5002D2F2B /* ListView.swift in Sources */,
				6DC8AA552822F4F9002D6FE5 /* NoItemsView.swift in Sources */,
				68CAAA75282AC01C00B0977D /* LoginViewModel.swift in Sources */,
				6DDBCA46282446D2003480E0 /* LoginView.swift in Sources */,
				681A5574282AA8760007B22D /* UserModel.swift in Sources */,
				6DC8AA4B2822B294002D6FE5 /* ListRowView.swift in Sources */,
			);
			runOnlyForDeploymentPostprocessing = 0;
		};
		6DC0729C2822AF5B002D2F2B /* Sources */ = {
			isa = PBXSourcesBuildPhase;
			buildActionMask = 2147483647;
			files = (
				6DC072A52822AF5B002D2F2B /* MyTodoListTests.swift in Sources */,
			);
			runOnlyForDeploymentPostprocessing = 0;
		};
		6DC072A62822AF5B002D2F2B /* Sources */ = {
			isa = PBXSourcesBuildPhase;
			buildActionMask = 2147483647;
			files = (
				6DC072B12822AF5B002D2F2B /* MyTodoListUITestsLaunchTests.swift in Sources */,
				6DC072AF2822AF5B002D2F2B /* MyTodoListUITests.swift in Sources */,
			);
			runOnlyForDeploymentPostprocessing = 0;
		};
/* End PBXSourcesBuildPhase section */

/* Begin PBXTargetDependency section */
		6DC072A22822AF5B002D2F2B /* PBXTargetDependency */ = {
			isa = PBXTargetDependency;
			target = 6DC0728F2822AF59002D2F2B /* MyTodoList */;
			targetProxy = 6DC072A12822AF5B002D2F2B /* PBXContainerItemProxy */;
		};
		6DC072AC2822AF5B002D2F2B /* PBXTargetDependency */ = {
			isa = PBXTargetDependency;
			target = 6DC0728F2822AF59002D2F2B /* MyTodoList */;
			targetProxy = 6DC072AB2822AF5B002D2F2B /* PBXContainerItemProxy */;
		};
/* End PBXTargetDependency section */

/* Begin XCBuildConfiguration section */
		6DC072B22822AF5B002D2F2B /* Debug */ = {
			isa = XCBuildConfiguration;
			buildSettings = {
				ALWAYS_SEARCH_USER_PATHS = NO;
				CLANG_ANALYZER_NONNULL = YES;
				CLANG_ANALYZER_NUMBER_OBJECT_CONVERSION = YES_AGGRESSIVE;
				CLANG_CXX_LANGUAGE_STANDARD = "gnu++17";
				CLANG_ENABLE_MODULES = YES;
				CLANG_ENABLE_OBJC_ARC = YES;
				CLANG_ENABLE_OBJC_WEAK = YES;
				CLANG_WARN_BLOCK_CAPTURE_AUTORELEASING = YES;
				CLANG_WARN_BOOL_CONVERSION = YES;
				CLANG_WARN_COMMA = YES;
				CLANG_WARN_CONSTANT_CONVERSION = YES;
				CLANG_WARN_DEPRECATED_OBJC_IMPLEMENTATIONS = YES;
				CLANG_WARN_DIRECT_OBJC_ISA_USAGE = YES_ERROR;
				CLANG_WARN_DOCUMENTATION_COMMENTS = YES;
				CLANG_WARN_EMPTY_BODY = YES;
				CLANG_WARN_ENUM_CONVERSION = YES;
				CLANG_WARN_INFINITE_RECURSION = YES;
				CLANG_WARN_INT_CONVERSION = YES;
				CLANG_WARN_NON_LITERAL_NULL_CONVERSION = YES;
				CLANG_WARN_OBJC_IMPLICIT_RETAIN_SELF = YES;
				CLANG_WARN_OBJC_LITERAL_CONVERSION = YES;
				CLANG_WARN_OBJC_ROOT_CLASS = YES_ERROR;
				CLANG_WARN_QUOTED_INCLUDE_IN_FRAMEWORK_HEADER = YES;
				CLANG_WARN_RANGE_LOOP_ANALYSIS = YES;
				CLANG_WARN_STRICT_PROTOTYPES = YES;
				CLANG_WARN_SUSPICIOUS_MOVE = YES;
				CLANG_WARN_UNGUARDED_AVAILABILITY = YES_AGGRESSIVE;
				CLANG_WARN_UNREACHABLE_CODE = YES;
				CLANG_WARN__DUPLICATE_METHOD_MATCH = YES;
				COPY_PHASE_STRIP = NO;
				DEBUG_INFORMATION_FORMAT = dwarf;
				ENABLE_STRICT_OBJC_MSGSEND = YES;
				ENABLE_TESTABILITY = YES;
				GCC_C_LANGUAGE_STANDARD = gnu11;
				GCC_DYNAMIC_NO_PIC = NO;
				GCC_NO_COMMON_BLOCKS = YES;
				GCC_OPTIMIZATION_LEVEL = 0;
				GCC_PREPROCESSOR_DEFINITIONS = (
					"DEBUG=1",
					"$(inherited)",
				);
				GCC_WARN_64_TO_32_BIT_CONVERSION = YES;
				GCC_WARN_ABOUT_RETURN_TYPE = YES_ERROR;
				GCC_WARN_UNDECLARED_SELECTOR = YES;
				GCC_WARN_UNINITIALIZED_AUTOS = YES_AGGRESSIVE;
				GCC_WARN_UNUSED_FUNCTION = YES;
				GCC_WARN_UNUSED_VARIABLE = YES;
				IPHONEOS_DEPLOYMENT_TARGET = 15.0;
				MTL_ENABLE_DEBUG_INFO = INCLUDE_SOURCE;
				MTL_FAST_MATH = YES;
				ONLY_ACTIVE_ARCH = YES;
				SDKROOT = iphoneos;
				SWIFT_ACTIVE_COMPILATION_CONDITIONS = DEBUG;
				SWIFT_OPTIMIZATION_LEVEL = "-Onone";
			};
			name = Debug;
		};
		6DC072B32822AF5B002D2F2B /* Release */ = {
			isa = XCBuildConfiguration;
			buildSettings = {
				ALWAYS_SEARCH_USER_PATHS = NO;
				CLANG_ANALYZER_NONNULL = YES;
				CLANG_ANALYZER_NUMBER_OBJECT_CONVERSION = YES_AGGRESSIVE;
				CLANG_CXX_LANGUAGE_STANDARD = "gnu++17";
				CLANG_ENABLE_MODULES = YES;
				CLANG_ENABLE_OBJC_ARC = YES;
				CLANG_ENABLE_OBJC_WEAK = YES;
				CLANG_WARN_BLOCK_CAPTURE_AUTORELEASING = YES;
				CLANG_WARN_BOOL_CONVERSION = YES;
				CLANG_WARN_COMMA = YES;
				CLANG_WARN_CONSTANT_CONVERSION = YES;
				CLANG_WARN_DEPRECATED_OBJC_IMPLEMENTATIONS = YES;
				CLANG_WARN_DIRECT_OBJC_ISA_USAGE = YES_ERROR;
				CLANG_WARN_DOCUMENTATION_COMMENTS = YES;
				CLANG_WARN_EMPTY_BODY = YES;
				CLANG_WARN_ENUM_CONVERSION = YES;
				CLANG_WARN_INFINITE_RECURSION = YES;
				CLANG_WARN_INT_CONVERSION = YES;
				CLANG_WARN_NON_LITERAL_NULL_CONVERSION = YES;
				CLANG_WARN_OBJC_IMPLICIT_RETAIN_SELF = YES;
				CLANG_WARN_OBJC_LITERAL_CONVERSION = YES;
				CLANG_WARN_OBJC_ROOT_CLASS = YES_ERROR;
				CLANG_WARN_QUOTED_INCLUDE_IN_FRAMEWORK_HEADER = YES;
				CLANG_WARN_RANGE_LOOP_ANALYSIS = YES;
				CLANG_WARN_STRICT_PROTOTYPES = YES;
				CLANG_WARN_SUSPICIOUS_MOVE = YES;
				CLANG_WARN_UNGUARDED_AVAILABILITY = YES_AGGRESSIVE;
				CLANG_WARN_UNREACHABLE_CODE = YES;
				CLANG_WARN__DUPLICATE_METHOD_MATCH = YES;
				COPY_PHASE_STRIP = NO;
				DEBUG_INFORMATION_FORMAT = "dwarf-with-dsym";
				ENABLE_NS_ASSERTIONS = NO;
				ENABLE_STRICT_OBJC_MSGSEND = YES;
				GCC_C_LANGUAGE_STANDARD = gnu11;
				GCC_NO_COMMON_BLOCKS = YES;
				GCC_WARN_64_TO_32_BIT_CONVERSION = YES;
				GCC_WARN_ABOUT_RETURN_TYPE = YES_ERROR;
				GCC_WARN_UNDECLARED_SELECTOR = YES;
				GCC_WARN_UNINITIALIZED_AUTOS = YES_AGGRESSIVE;
				GCC_WARN_UNUSED_FUNCTION = YES;
				GCC_WARN_UNUSED_VARIABLE = YES;
				IPHONEOS_DEPLOYMENT_TARGET = 15.0;
				MTL_ENABLE_DEBUG_INFO = NO;
				MTL_FAST_MATH = YES;
				SDKROOT = iphoneos;
				SWIFT_COMPILATION_MODE = wholemodule;
				SWIFT_OPTIMIZATION_LEVEL = "-O";
				VALIDATE_PRODUCT = YES;
			};
			name = Release;
		};
		6DC072B52822AF5B002D2F2B /* Debug */ = {
			isa = XCBuildConfiguration;
			buildSettings = {
				ASSETCATALOG_COMPILER_APPICON_NAME = AppIcon;
				ASSETCATALOG_COMPILER_GLOBAL_ACCENT_COLOR_NAME = AccentColor;
				CODE_SIGN_IDENTITY = "Apple Development";
				CODE_SIGN_STYLE = Automatic;
				CURRENT_PROJECT_VERSION = 1;
				DEVELOPMENT_ASSET_PATHS = "\"MyTodoList/Preview Content\"";
				DEVELOPMENT_TEAM = "";
				ENABLE_PREVIEWS = YES;
				GENERATE_INFOPLIST_FILE = YES;
				INFOPLIST_KEY_UIApplicationSceneManifest_Generation = YES;
				INFOPLIST_KEY_UIApplicationSupportsIndirectInputEvents = YES;
				INFOPLIST_KEY_UILaunchScreen_Generation = YES;
				INFOPLIST_KEY_UILaunchStoryboardName = LaunchScreen;
				INFOPLIST_KEY_UISupportedInterfaceOrientations_iPad = "UIInterfaceOrientationPortrait UIInterfaceOrientationPortraitUpsideDown UIInterfaceOrientationLandscapeLeft UIInterfaceOrientationLandscapeRight";
				INFOPLIST_KEY_UISupportedInterfaceOrientations_iPhone = "UIInterfaceOrientationPortrait UIInterfaceOrientationLandscapeLeft UIInterfaceOrientationLandscapeRight";
				IPHONEOS_DEPLOYMENT_TARGET = 15.0;
				LD_RUNPATH_SEARCH_PATHS = (
					"$(inherited)",
					"@executable_path/Frameworks",
				);
				MARKETING_VERSION = 1.0;
				PRODUCT_BUNDLE_IDENTIFIER = com.dawidbastek.MyTodoList;
				PRODUCT_NAME = "$(TARGET_NAME)";
				PROVISIONING_PROFILE_SPECIFIER = "";
				SWIFT_EMIT_LOC_STRINGS = YES;
				SWIFT_VERSION = 5.0;
				TARGETED_DEVICE_FAMILY = 1;
			};
			name = Debug;
		};
		6DC072B62822AF5B002D2F2B /* Release */ = {
			isa = XCBuildConfiguration;
			buildSettings = {
				ASSETCATALOG_COMPILER_APPICON_NAME = AppIcon;
				ASSETCATALOG_COMPILER_GLOBAL_ACCENT_COLOR_NAME = AccentColor;
				CODE_SIGN_IDENTITY = "Apple Development";
				CODE_SIGN_STYLE = Automatic;
				CURRENT_PROJECT_VERSION = 1;
				DEVELOPMENT_ASSET_PATHS = "\"MyTodoList/Preview Content\"";
				DEVELOPMENT_TEAM = "";
				ENABLE_PREVIEWS = YES;
				GENERATE_INFOPLIST_FILE = YES;
				INFOPLIST_KEY_UIApplicationSceneManifest_Generation = YES;
				INFOPLIST_KEY_UIApplicationSupportsIndirectInputEvents = YES;
				INFOPLIST_KEY_UILaunchScreen_Generation = YES;
				INFOPLIST_KEY_UILaunchStoryboardName = LaunchScreen;
				INFOPLIST_KEY_UISupportedInterfaceOrientations_iPad = "UIInterfaceOrientationPortrait UIInterfaceOrientationPortraitUpsideDown UIInterfaceOrientationLandscapeLeft UIInterfaceOrientationLandscapeRight";
				INFOPLIST_KEY_UISupportedInterfaceOrientations_iPhone = "UIInterfaceOrientationPortrait UIInterfaceOrientationLandscapeLeft UIInterfaceOrientationLandscapeRight";
				IPHONEOS_DEPLOYMENT_TARGET = 15.0;
				LD_RUNPATH_SEARCH_PATHS = (
					"$(inherited)",
					"@executable_path/Frameworks",
				);
				MARKETING_VERSION = 1.0;
				PRODUCT_BUNDLE_IDENTIFIER = com.dawidbastek.MyTodoList;
				PRODUCT_NAME = "$(TARGET_NAME)";
				PROVISIONING_PROFILE_SPECIFIER = "";
				SWIFT_EMIT_LOC_STRINGS = YES;
				SWIFT_VERSION = 5.0;
				TARGETED_DEVICE_FAMILY = 1;
			};
			name = Release;
		};
		6DC072B82822AF5B002D2F2B /* Debug */ = {
			isa = XCBuildConfiguration;
			buildSettings = {
				ALWAYS_EMBED_SWIFT_STANDARD_LIBRARIES = YES;
				BUNDLE_LOADER = "$(TEST_HOST)";
				CODE_SIGN_STYLE = Automatic;
				CURRENT_PROJECT_VERSION = 1;
				GENERATE_INFOPLIST_FILE = YES;
				IPHONEOS_DEPLOYMENT_TARGET = 15.4;
				MARKETING_VERSION = 1.0;
				PRODUCT_BUNDLE_IDENTIFIER = com.dawidbastek.MyTodoListTests;
				PRODUCT_NAME = "$(TARGET_NAME)";
				SWIFT_EMIT_LOC_STRINGS = NO;
				SWIFT_VERSION = 5.0;
				TARGETED_DEVICE_FAMILY = "1,2";
				TEST_HOST = "$(BUILT_PRODUCTS_DIR)/MyTodoList.app/MyTodoList";
			};
			name = Debug;
		};
		6DC072B92822AF5B002D2F2B /* Release */ = {
			isa = XCBuildConfiguration;
			buildSettings = {
				ALWAYS_EMBED_SWIFT_STANDARD_LIBRARIES = YES;
				BUNDLE_LOADER = "$(TEST_HOST)";
				CODE_SIGN_STYLE = Automatic;
				CURRENT_PROJECT_VERSION = 1;
				GENERATE_INFOPLIST_FILE = YES;
				IPHONEOS_DEPLOYMENT_TARGET = 15.4;
				MARKETING_VERSION = 1.0;
				PRODUCT_BUNDLE_IDENTIFIER = com.dawidbastek.MyTodoListTests;
				PRODUCT_NAME = "$(TARGET_NAME)";
				SWIFT_EMIT_LOC_STRINGS = NO;
				SWIFT_VERSION = 5.0;
				TARGETED_DEVICE_FAMILY = "1,2";
				TEST_HOST = "$(BUILT_PRODUCTS_DIR)/MyTodoList.app/MyTodoList";
			};
			name = Release;
		};
		6DC072BB2822AF5B002D2F2B /* Debug */ = {
			isa = XCBuildConfiguration;
			buildSettings = {
				ALWAYS_EMBED_SWIFT_STANDARD_LIBRARIES = YES;
				CODE_SIGN_STYLE = Automatic;
				CURRENT_PROJECT_VERSION = 1;
				GENERATE_INFOPLIST_FILE = YES;
				MARKETING_VERSION = 1.0;
				PRODUCT_BUNDLE_IDENTIFIER = com.dawidbastek.MyTodoListUITests;
				PRODUCT_NAME = "$(TARGET_NAME)";
				SWIFT_EMIT_LOC_STRINGS = NO;
				SWIFT_VERSION = 5.0;
				TARGETED_DEVICE_FAMILY = "1,2";
				TEST_TARGET_NAME = MyTodoList;
			};
			name = Debug;
		};
		6DC072BC2822AF5B002D2F2B /* Release */ = {
			isa = XCBuildConfiguration;
			buildSettings = {
				ALWAYS_EMBED_SWIFT_STANDARD_LIBRARIES = YES;
				CODE_SIGN_STYLE = Automatic;
				CURRENT_PROJECT_VERSION = 1;
				GENERATE_INFOPLIST_FILE = YES;
				MARKETING_VERSION = 1.0;
				PRODUCT_BUNDLE_IDENTIFIER = com.dawidbastek.MyTodoListUITests;
				PRODUCT_NAME = "$(TARGET_NAME)";
				SWIFT_EMIT_LOC_STRINGS = NO;
				SWIFT_VERSION = 5.0;
				TARGETED_DEVICE_FAMILY = "1,2";
				TEST_TARGET_NAME = MyTodoList;
			};
			name = Release;
		};
/* End XCBuildConfiguration section */

/* Begin XCConfigurationList section */
		6DC0728B2822AF59002D2F2B /* Build configuration list for PBXProject "MyTodoList" */ = {
			isa = XCConfigurationList;
			buildConfigurations = (
				6DC072B22822AF5B002D2F2B /* Debug */,
				6DC072B32822AF5B002D2F2B /* Release */,
			);
			defaultConfigurationIsVisible = 0;
			defaultConfigurationName = Release;
		};
		6DC072B42822AF5B002D2F2B /* Build configuration list for PBXNativeTarget "MyTodoList" */ = {
			isa = XCConfigurationList;
			buildConfigurations = (
				6DC072B52822AF5B002D2F2B /* Debug */,
				6DC072B62822AF5B002D2F2B /* Release */,
			);
			defaultConfigurationIsVisible = 0;
			defaultConfigurationName = Release;
		};
		6DC072B72822AF5B002D2F2B /* Build configuration list for PBXNativeTarget "MyTodoListTests" */ = {
			isa = XCConfigurationList;
			buildConfigurations = (
				6DC072B82822AF5B002D2F2B /* Debug */,
				6DC072B92822AF5B002D2F2B /* Release */,
			);
			defaultConfigurationIsVisible = 0;
			defaultConfigurationName = Release;
		};
		6DC072BA2822AF5B002D2F2B /* Build configuration list for PBXNativeTarget "MyTodoListUITests" */ = {
			isa = XCConfigurationList;
			buildConfigurations = (
				6DC072BB2822AF5B002D2F2B /* Debug */,
				6DC072BC2822AF5B002D2F2B /* Release */,
			);
			defaultConfigurationIsVisible = 0;
			defaultConfigurationName = Release;
		};
/* End XCConfigurationList section */
	};
	rootObject = 6DC072882822AF59002D2F2B /* Project object */;
}
